PODS:
  - GoogleDataTransport (8.2.0):
    - nanopb (~> 2.30907.0)
  - GoogleMLKit/FaceDetection (1.0.0):
    - GoogleMLKit/MLKitCore
    - MLKitFaceDetection (~> 1.0.0)
  - GoogleMLKit/MLKitCore (1.0.0):
    - MLKitCommon (~> 1.0.0)
  - GoogleToolboxForMac/DebugUtils (2.3.0):
    - GoogleToolboxForMac/Defines (= 2.3.0)
  - GoogleToolboxForMac/Defines (2.3.0)
  - GoogleToolboxForMac/Logger (2.3.0):
    - GoogleToolboxForMac/Defines (= 2.3.0)
  - "GoogleToolboxForMac/NSData+zlib (2.3.0)":
    - GoogleToolboxForMac/Defines (= 2.3.0)
  - "GoogleToolboxForMac/NSDictionary+URLArguments (2.3.0)":
    - GoogleToolboxForMac/DebugUtils (= 2.3.0)
    - GoogleToolboxForMac/Defines (= 2.3.0)
    - "GoogleToolboxForMac/NSString+URLArguments (= 2.3.0)"
  - "GoogleToolboxForMac/NSString+URLArguments (2.3.0)"
  - GoogleUtilities/Environment (7.2.0):
    - PromisesObjC (~> 1.2)
  - GoogleUtilities/Logger (7.2.0):
    - GoogleUtilities/Environment
  - GoogleUtilities/UserDefaults (7.2.0):
    - GoogleUtilities/Logger
  - GoogleUtilitiesComponents (1.0.0):
    - GoogleUtilities/Logger
  - GTMSessionFetcher/Core (1.5.0)
  - MLKitCommon (1.0.0):
    - GoogleDataTransport (~> 8.0)
    - GoogleToolboxForMac/Logger (~> 2.1)
    - "GoogleToolboxForMac/NSData+zlib (~> 2.1)"
    - "GoogleToolboxForMac/NSDictionary+URLArguments (~> 2.1)"
    - GoogleUtilities/UserDefaults (~> 7.0)
    - GoogleUtilitiesComponents (~> 1.0)
    - GTMSessionFetcher/Core (~> 1.1)
    - Protobuf (~> 3.12)
  - MLKitFaceDetection (1.0.0):
    - MLKitCommon (~> 1.0)
    - MLKitVision (~> 1.0)
  - MLKitVision (1.0.0):
    - GoogleToolboxForMac/Logger (~> 2.1)
    - "GoogleToolboxForMac/NSData+zlib (~> 2.1)"
    - GTMSessionFetcher/Core (~> 1.1)
    - MLKitCommon (~> 1.0)
    - Protobuf (~> 3.12)
  - nanopb (2.30907.0):
    - nanopb/decode (= 2.30907.0)
    - nanopb/encode (= 2.30907.0)
  - nanopb/decode (2.30907.0)
  - nanopb/encode (2.30907.0)
  - PromisesObjC (1.2.12)
  - Protobuf (3.14.0)
  - TensorFlowLiteC (0.0.1-nightly.20210419):
    - TensorFlowLiteC/Core (= 0.0.1-nightly.20210419)
  - TensorFlowLiteC/Core (0.0.1-nightly.20210419)
  - TensorFlowLiteC/Metal (0.0.1-nightly.20210419):
    - TensorFlowLiteC/Core
  - TensorFlowLiteSwift/Core (0.0.1-nightly.20210419):
    - TensorFlowLiteC (= 0.0.1-nightly.20210419)
  - TensorFlowLiteSwift/Metal (0.0.1-nightly.20210419):
    - TensorFlowLiteC/Metal (= 0.0.1-nightly.20210419)
    - TensorFlowLiteSwift/Core (= 0.0.1-nightly.20210419)

DEPENDENCIES:
  - GoogleMLKit/FaceDetection
  - TensorFlowLiteSwift/Metal (~> 0.0.1-nightly)

SPEC REPOS:
  trunk:
    - GoogleDataTransport
    - GoogleMLKit
    - GoogleToolboxForMac
    - GoogleUtilities
    - GoogleUtilitiesComponents
    - GTMSessionFetcher
    - MLKitCommon
    - MLKitFaceDetection
    - MLKitVision
    - nanopb
    - PromisesObjC
    - Protobuf
    - TensorFlowLiteC
    - TensorFlowLiteSwift

SPEC CHECKSUMS:
  GoogleDataTransport: 1024b1a4dfbd7a0e92cb20d7e0a6f1fb66b449a4
  GoogleMLKit: 7f7c25e2be1388a51ef5ecbee5041a52a997e881
  GoogleToolboxForMac: 1350d40e86a76f7863928d63bcb0b89c84c521c5
  GoogleUtilities: d866834472f1324d080496bc67ab3ce5d0d46027
  GoogleUtilitiesComponents: a69c0b3b369ba443e988141e75ef49d9010b1c80
  GTMSessionFetcher: b3503b20a988c4e20cc189aa798fd18220133f52
  MLKitCommon: 5f19646949440e023eda7ca8bef47b71b58de9b8
  MLKitFaceDetection: 002861d3fe3e6af505639617eebfa51918541b08
  MLKitVision: b92bcd1ca283390287c92766ecc3d34585fa30d6
  nanopb: 59221d7f958fb711001e6a449489542d92ae113e
  PromisesObjC: 3113f7f76903778cf4a0586bd1ab89329a0b7b97
  Protobuf: 0cde852566359049847168e51bd1c690e0f70056
  TensorFlowLiteC: 63c89d0f3ad4919bca28a6c833444db6321be826
  TensorFlowLiteSwift: 5d67dce0b89f5ec21386249ad8652aaf59954b78

PODFILE CHECKSUM: 50d968270453c1729963347df4f55e5896f1c1a8

COCOAPODS: 1.10.1
